
Microsoft Visual Studio Solution File, Format Version 12.00
# Visual Studio Version 16
VisualStudioVersion = 16.0.29613.14
MinimumVisualStudioVersion = 10.0.40219.1
Project("{FAE04EC0-301F-11D3-BF4B-00C04F79EFBC}") = "SunshineAirlines1", "SunshineAirlines1.csproj", "{72B68EBA-BCF9-4D4C-90ED-1877A19C22C2}"
EndProject
Global
	GlobalSection(SolutionConfigurationPlatforms) = preSolution
		Debug|Any CPU = Debug|Any CPU
		Release|Any CPU = Release|Any CPU
	EndGlobalSection
	GlobalSection(ProjectConfigurationPlatforms) = postSolution
		{72B68EBA-BCF9-4D4C-90ED-1877A19C22C2}.Debug|Any CPU.ActiveCfg = Debug|Any CPU
		{72B68EBA-BCF9-4D4C-90ED-1877A19C22C2}.Debug|Any CPU.Build.0 = Debug|Any CPU
		{72B68EBA-BCF9-4D4C-90ED-1877A19C22C2}.Release|Any CPU.ActiveCfg = Release|Any CPU
		{72B68EBA-BCF9-4D4C-90ED-1877A19C22C2}.Release|Any CPU.Build.0 = Release|Any CPU
	EndGlobalSection
	GlobalSection(SolutionProperties) = preSolution
		HideSolutionNode = FALSE
	EndGlobalSection
	GlobalSection(ExtensibilityGlobals) = postSolution
		SolutionGuid = {BA3AD5DC-E39F-4CA0-8489-67FAA854FB72}
	EndGlobalSection
EndGlobal
